
Microsoft Visual Studio Solution File, Format Version 12.00
# Visual Studio 14
VisualStudioVersion = 14.0.25123.0
MinimumVisualStudioVersion = 10.0.40219.1
Project("{FAE04EC0-301F-11D3-BF4B-00C04F79EFBC}") = "CyberCortex", "CyberCortex\CyberCortex.csproj", "{C5896F8B-54AE-4135-904B-9F60A0AE4A38}"
EndProject
Project("{FAE04EC0-301F-11D3-BF4B-00C04F79EFBC}") = "FileWorker", "..\FileWorker.lib\fileWorker.lib\FileWorker.csproj", "{C4EF4B75-215E-49C8-A667-1F53077EA2A5}"
EndProject
Project("{FAE04EC0-301F-11D3-BF4B-00C04F79EFBC}") = "NeuralNetwork", "..\NeuralNet.lib\NeuralNetwork.csproj", "{F76D467A-2C1A-4D12-94AC-AD814FE0443C}"
EndProject
Global
	GlobalSection(SolutionConfigurationPlatforms) = preSolution
		Debug|Any CPU = Debug|Any CPU
		Release|Any CPU = Release|Any CPU
	EndGlobalSection
	GlobalSection(ProjectConfigurationPlatforms) = postSolution
		{C5896F8B-54AE-4135-904B-9F60A0AE4A38}.Debug|Any CPU.ActiveCfg = Debug|Any CPU
		{C5896F8B-54AE-4135-904B-9F60A0AE4A38}.Debug|Any CPU.Build.0 = Debug|Any CPU
		{C5896F8B-54AE-4135-904B-9F60A0AE4A38}.Release|Any CPU.ActiveCfg = Release|Any CPU
		{C5896F8B-54AE-4135-904B-9F60A0AE4A38}.Release|Any CPU.Build.0 = Release|Any CPU
		{C4EF4B75-215E-49C8-A667-1F53077EA2A5}.Debug|Any CPU.ActiveCfg = Debug|Any CPU
		{C4EF4B75-215E-49C8-A667-1F53077EA2A5}.Debug|Any CPU.Build.0 = Debug|Any CPU
		{C4EF4B75-215E-49C8-A667-1F53077EA2A5}.Release|Any CPU.ActiveCfg = Release|Any CPU
		{C4EF4B75-215E-49C8-A667-1F53077EA2A5}.Release|Any CPU.Build.0 = Release|Any CPU
		{F76D467A-2C1A-4D12-94AC-AD814FE0443C}.Debug|Any CPU.ActiveCfg = Debug|Any CPU
		{F76D467A-2C1A-4D12-94AC-AD814FE0443C}.Debug|Any CPU.Build.0 = Debug|Any CPU
		{F76D467A-2C1A-4D12-94AC-AD814FE0443C}.Release|Any CPU.ActiveCfg = Release|Any CPU
		{F76D467A-2C1A-4D12-94AC-AD814FE0443C}.Release|Any CPU.Build.0 = Release|Any CPU
	EndGlobalSection
	GlobalSection(SolutionProperties) = preSolution
		HideSolutionNode = FALSE
	EndGlobalSection
EndGlobal
